// !$*UTF8*$!
{
	archiveVersion = 1;
	classes = {
	};
	objectVersion = 56;
	objects = {

/* Begin PBXBuildFile section */
		BA956C212AF4EA1700EEE69F /* HiAudioApp.swift in Sources */ = {isa = PBXBuildFile; fileRef = BA956C202AF4EA1700EEE69F /* HiAudioApp.swift */; };
		BA956C232AF4EA1700EEE69F /* ContentView.swift in Sources */ = {isa = PBXBuildFile; fileRef = BA956C222AF4EA1700EEE69F /* ContentView.swift */; };
		BA956C252AF4EA1800EEE69F /* Assets.xcassets in Resources */ = {isa = PBXBuildFile; fileRef = BA956C242AF4EA1800EEE69F /* Assets.xcassets */; };
		BA956C282AF4EA1800EEE69F /* Preview Assets.xcassets in Resources */ = {isa = PBXBuildFile; fileRef = BA956C272AF4EA1800EEE69F /* Preview Assets.xcassets */; };
		BA956C312AF52EF900EEE69F /* HIAudioRecorder.swift in Sources */ = {isa = PBXBuildFile; fileRef = BA956C302AF52EF900EEE69F /* HIAudioRecorder.swift */; };
		BA956C352AF53A5F00EEE69F /* RecorderUtil.swift in Sources */ = {isa = PBXBuildFile; fileRef = BA956C342AF53A5F00EEE69F /* RecorderUtil.swift */; };
		BA956C372AF53FEB00EEE69F /* SimpleAudioRecorder.swift in Sources */ = {isa = PBXBuildFile; fileRef = BA956C362AF53FEB00EEE69F /* SimpleAudioRecorder.swift */; };
		BA956C392AF5442600EEE69F /* AudioRecordingManager.swift in Sources */ = {isa = PBXBuildFile; fileRef = BA956C382AF5442600EEE69F /* AudioRecordingManager.swift */; };
		BA956C3B2AF545FC00EEE69F /* AudioRecorderTypes.swift in Sources */ = {isa = PBXBuildFile; fileRef = BA956C3A2AF545FC00EEE69F /* AudioRecorderTypes.swift */; };
		BACBFA602AF8EF0500B3EDE6 /* UIUtils.swift in Sources */ = {isa = PBXBuildFile; fileRef = BACBFA5F2AF8EF0500B3EDE6 /* UIUtils.swift */; };
/* End PBXBuildFile section */

/* Begin PBXFileReference section */
		BA956C1D2AF4EA1700EEE69F /* HiAudio.app */ = {isa = PBXFileReference; explicitFileType = wrapper.application; includeInIndex = 0; path = HiAudio.app; sourceTree = BUILT_PRODUCTS_DIR; };
		BA956C202AF4EA1700EEE69F /* HiAudioApp.swift */ = {isa = PBXFileReference; lastKnownFileType = sourcecode.swift; path = HiAudioApp.swift; sourceTree = "<group>"; };
		BA956C222AF4EA1700EEE69F /* ContentView.swift */ = {isa = PBXFileReference; lastKnownFileType = sourcecode.swift; path = ContentView.swift; sourceTree = "<group>"; };
		BA956C242AF4EA1800EEE69F /* Assets.xcassets */ = {isa = PBXFileReference; lastKnownFileType = folder.assetcatalog; path = Assets.xcassets; sourceTree = "<group>"; };
		BA956C272AF4EA1800EEE69F /* Preview Assets.xcassets */ = {isa = PBXFileReference; lastKnownFileType = folder.assetcatalog; path = "Preview Assets.xcassets"; sourceTree = "<group>"; };
		BA956C292AF4EA1800EEE69F /* HiAudio.entitlements */ = {isa = PBXFileReference; lastKnownFileType = text.plist.entitlements; path = HiAudio.entitlements; sourceTree = "<group>"; };
		BA956C302AF52EF900EEE69F /* HIAudioRecorder.swift */ = {isa = PBXFileReference; lastKnownFileType = sourcecode.swift; path = HIAudioRecorder.swift; sourceTree = "<group>"; };
		BA956C342AF53A5F00EEE69F /* RecorderUtil.swift */ = {isa = PBXFileReference; lastKnownFileType = sourcecode.swift; path = RecorderUtil.swift; sourceTree = "<group>"; };
		BA956C362AF53FEB00EEE69F /* SimpleAudioRecorder.swift */ = {isa = PBXFileReference; lastKnownFileType = sourcecode.swift; path = SimpleAudioRecorder.swift; sourceTree = "<group>"; };
		BA956C382AF5442600EEE69F /* AudioRecordingManager.swift */ = {isa = PBXFileReference; lastKnownFileType = sourcecode.swift; path = AudioRecordingManager.swift; sourceTree = "<group>"; };
		BA956C3A2AF545FC00EEE69F /* AudioRecorderTypes.swift */ = {isa = PBXFileReference; lastKnownFileType = sourcecode.swift; path = AudioRecorderTypes.swift; sourceTree = "<group>"; };
		BACBFA5F2AF8EF0500B3EDE6 /* UIUtils.swift */ = {isa = PBXFileReference; lastKnownFileType = sourcecode.swift; path = UIUtils.swift; sourceTree = "<group>"; };
/* End PBXFileReference section */

/* Begin PBXFrameworksBuildPhase section */
		BA956C1A2AF4EA1700EEE69F /* Frameworks */ = {
			isa = PBXFrameworksBuildPhase;
			buildActionMask = 2147483647;
			files = (
			);
			runOnlyForDeploymentPostprocessing = 0;
		};
/* End PBXFrameworksBuildPhase section */

/* Begin PBXGroup section */
		BA956C142AF4EA1700EEE69F = {
			isa = PBXGroup;
			children = (
				BA956C1F2AF4EA1700EEE69F /* HiAudio */,
				BA956C1E2AF4EA1700EEE69F /* Products */,
			);
			sourceTree = "<group>";
		};
		BA956C1E2AF4EA1700EEE69F /* Products */ = {
			isa = PBXGroup;
			children = (
				BA956C1D2AF4EA1700EEE69F /* HiAudio.app */,
			);
			name = Products;
			sourceTree = "<group>";
		};
		BA956C1F2AF4EA1700EEE69F /* HiAudio */ = {
			isa = PBXGroup;
			children = (
				BA956C332AF52F7100EEE69F /* AudioRecorder */,
				BA956C202AF4EA1700EEE69F /* HiAudioApp.swift */,
				BACBFA5F2AF8EF0500B3EDE6 /* UIUtils.swift */,
				BA956C222AF4EA1700EEE69F /* ContentView.swift */,
				BA956C262AF4EA1800EEE69F /* Preview Content */,
				BA956C322AF52F0600EEE69F /* Misc */,
			);
			path = HiAudio;
			sourceTree = "<group>";
		};
		BA956C262AF4EA1800EEE69F /* Preview Content */ = {
			isa = PBXGroup;
			children = (
				BA956C272AF4EA1800EEE69F /* Preview Assets.xcassets */,
			);
			path = "Preview Content";
			sourceTree = "<group>";
		};
		BA956C322AF52F0600EEE69F /* Misc */ = {
			isa = PBXGroup;
			children = (
				BA956C242AF4EA1800EEE69F /* Assets.xcassets */,
				BA956C292AF4EA1800EEE69F /* HiAudio.entitlements */,
			);
			path = Misc;
			sourceTree = "<group>";
		};
		BA956C332AF52F7100EEE69F /* AudioRecorder */ = {
			isa = PBXGroup;
			children = (
				BA956C3A2AF545FC00EEE69F /* AudioRecorderTypes.swift */,
				BA956C302AF52EF900EEE69F /* HIAudioRecorder.swift */,
				BA956C362AF53FEB00EEE69F /* SimpleAudioRecorder.swift */,
				BA956C342AF53A5F00EEE69F /* RecorderUtil.swift */,
				BA956C382AF5442600EEE69F /* AudioRecordingManager.swift */,
			);
			path = AudioRecorder;
			sourceTree = "<group>";
		};
/* End PBXGroup section */

/* Begin PBXNativeTarget section */
		BA956C1C2AF4EA1700EEE69F /* HiAudio */ = {
			isa = PBXNativeTarget;
			buildConfigurationList = BA956C2C2AF4EA1800EEE69F /* Build configuration list for PBXNativeTarget "HiAudio" */;
			buildPhases = (
				BA956C192AF4EA1700EEE69F /* Sources */,
				BA956C1A2AF4EA1700EEE69F /* Frameworks */,
				BA956C1B2AF4EA1700EEE69F /* Resources */,
			);
			buildRules = (
			);
			dependencies = (
			);
			name = HiAudio;
			productName = HiAudio;
			productReference = BA956C1D2AF4EA1700EEE69F /* HiAudio.app */;
			productType = "com.apple.product-type.application";
		};
/* End PBXNativeTarget section */

/* Begin PBXProject section */
		BA956C152AF4EA1700EEE69F /* Project object */ = {
			isa = PBXProject;
			attributes = {
				BuildIndependentTargetsInParallel = 1;
				LastSwiftUpdateCheck = 1500;
				LastUpgradeCheck = 1500;
				TargetAttributes = {
					BA956C1C2AF4EA1700EEE69F = {
						CreatedOnToolsVersion = 15.0.1;
					};
				};
			};
			buildConfigurationList = BA956C182AF4EA1700EEE69F /* Build configuration list for PBXProject "HiAudio" */;
			compatibilityVersion = "Xcode 14.0";
			developmentRegion = en;
			hasScannedForEncodings = 0;
			knownRegions = (
				en,
				Base,
			);
			mainGroup = BA956C142AF4EA1700EEE69F;
			productRefGroup = BA956C1E2AF4EA1700EEE69F /* Products */;
			projectDirPath = "";
			projectRoot = "";
			targets = (
				BA956C1C2AF4EA1700EEE69F /* HiAudio */,
			);
		};
/* End PBXProject section */

/* Begin PBXResourcesBuildPhase section */
		BA956C1B2AF4EA1700EEE69F /* Resources */ = {
			isa = PBXResourcesBuildPhase;
			buildActionMask = 2147483647;
			files = (
				BA956C282AF4EA1800EEE69F /* Preview Assets.xcassets in Resources */,
				BA956C252AF4EA1800EEE69F /* Assets.xcassets in Resources */,
			);
			runOnlyForDeploymentPostprocessing = 0;
		};
/* End PBXResourcesBuildPhase section */

/* Begin PBXSourcesBuildPhase section */
		BA956C192AF4EA1700EEE69F /* Sources */ = {
			isa = PBXSourcesBuildPhase;
			buildActionMask = 2147483647;
			files = (
				BA956C372AF53FEB00EEE69F /* SimpleAudioRecorder.swift in Sources */,
				BA956C3B2AF545FC00EEE69F /* AudioRecorderTypes.swift in Sources */,
				BA956C312AF52EF900EEE69F /* HIAudioRecorder.swift in Sources */,
				BA956C392AF5442600EEE69F /* AudioRecordingManager.swift in Sources */,
				BA956C232AF4EA1700EEE69F /* ContentView.swift in Sources */,
				BA956C212AF4EA1700EEE69F /* HiAudioApp.swift in Sources */,
				BA956C352AF53A5F00EEE69F /* RecorderUtil.swift in Sources */,
				BACBFA602AF8EF0500B3EDE6 /* UIUtils.swift in Sources */,
			);
			runOnlyForDeploymentPostprocessing = 0;
		};
/* End PBXSourcesBuildPhase section */

/* Begin XCBuildConfiguration section */
		BA956C2A2AF4EA1800EEE69F /* Debug */ = {
			isa = XCBuildConfiguration;
			buildSettings = {
				ALWAYS_SEARCH_USER_PATHS = NO;
				ASSETCATALOG_COMPILER_GENERATE_SWIFT_ASSET_SYMBOL_EXTENSIONS = YES;
				CLANG_ANALYZER_NONNULL = YES;
				CLANG_ANALYZER_NUMBER_OBJECT_CONVERSION = YES_AGGRESSIVE;
				CLANG_CXX_LANGUAGE_STANDARD = "gnu++20";
				CLANG_ENABLE_MODULES = YES;
				CLANG_ENABLE_OBJC_ARC = YES;
				CLANG_ENABLE_OBJC_WEAK = YES;
				CLANG_WARN_BLOCK_CAPTURE_AUTORELEASING = YES;
				CLANG_WARN_BOOL_CONVERSION = YES;
				CLANG_WARN_COMMA = YES;
				CLANG_WARN_CONSTANT_CONVERSION = YES;
				CLANG_WARN_DEPRECATED_OBJC_IMPLEMENTATIONS = YES;
				CLANG_WARN_DIRECT_OBJC_ISA_USAGE = YES_ERROR;
				CLANG_WARN_DOCUMENTATION_COMMENTS = YES;
				CLANG_WARN_EMPTY_BODY = YES;
				CLANG_WARN_ENUM_CONVERSION = YES;
				CLANG_WARN_INFINITE_RECURSION = YES;
				CLANG_WARN_INT_CONVERSION = YES;
				CLANG_WARN_NON_LITERAL_NULL_CONVERSION = YES;
				CLANG_WARN_OBJC_IMPLICIT_RETAIN_SELF = YES;
				CLANG_WARN_OBJC_LITERAL_CONVERSION = YES;
				CLANG_WARN_OBJC_ROOT_CLASS = YES_ERROR;
				CLANG_WARN_QUOTED_INCLUDE_IN_FRAMEWORK_HEADER = YES;
				CLANG_WARN_RANGE_LOOP_ANALYSIS = YES;
				CLANG_WARN_STRICT_PROTOTYPES = YES;
				CLANG_WARN_SUSPICIOUS_MOVE = YES;
				CLANG_WARN_UNGUARDED_AVAILABILITY = YES_AGGRESSIVE;
				CLANG_WARN_UNREACHABLE_CODE = YES;
				CLANG_WARN__DUPLICATE_METHOD_MATCH = YES;
				COPY_PHASE_STRIP = NO;
				DEBUG_INFORMATION_FORMAT = dwarf;
				ENABLE_STRICT_OBJC_MSGSEND = YES;
				ENABLE_TESTABILITY = YES;
				ENABLE_USER_SCRIPT_SANDBOXING = YES;
				GCC_C_LANGUAGE_STANDARD = gnu17;
				GCC_DYNAMIC_NO_PIC = NO;
				GCC_NO_COMMON_BLOCKS = YES;
				GCC_OPTIMIZATION_LEVEL = 0;
				GCC_PREPROCESSOR_DEFINITIONS = (
					"DEBUG=1",
					"$(inherited)",
				);
				GCC_WARN_64_TO_32_BIT_CONVERSION = YES;
				GCC_WARN_ABOUT_RETURN_TYPE = YES_ERROR;
				GCC_WARN_UNDECLARED_SELECTOR = YES;
				GCC_WARN_UNINITIALIZED_AUTOS = YES_AGGRESSIVE;
				GCC_WARN_UNUSED_FUNCTION = YES;
				GCC_WARN_UNUSED_VARIABLE = YES;
				LOCALIZATION_PREFERS_STRING_CATALOGS = YES;
				MACOSX_DEPLOYMENT_TARGET = 14.0;
				MTL_ENABLE_DEBUG_INFO = INCLUDE_SOURCE;
				MTL_FAST_MATH = YES;
				ONLY_ACTIVE_ARCH = YES;
				SDKROOT = macosx;
				SWIFT_ACTIVE_COMPILATION_CONDITIONS = "DEBUG $(inherited)";
				SWIFT_OPTIMIZATION_LEVEL = "-Onone";
			};
			name = Debug;
		};
		BA956C2B2AF4EA1800EEE69F /* Release */ = {
			isa = XCBuildConfiguration;
			buildSettings = {
				ALWAYS_SEARCH_USER_PATHS = NO;
				ASSETCATALOG_COMPILER_GENERATE_SWIFT_ASSET_SYMBOL_EXTENSIONS = YES;
				CLANG_ANALYZER_NONNULL = YES;
				CLANG_ANALYZER_NUMBER_OBJECT_CONVERSION = YES_AGGRESSIVE;
				CLANG_CXX_LANGUAGE_STANDARD = "gnu++20";
				CLANG_ENABLE_MODULES = YES;
				CLANG_ENABLE_OBJC_ARC = YES;
				CLANG_ENABLE_OBJC_WEAK = YES;
				CLANG_WARN_BLOCK_CAPTURE_AUTORELEASING = YES;
				CLANG_WARN_BOOL_CONVERSION = YES;
				CLANG_WARN_COMMA = YES;
				CLANG_WARN_CONSTANT_CONVERSION = YES;
				CLANG_WARN_DEPRECATED_OBJC_IMPLEMENTATIONS = YES;
				CLANG_WARN_DIRECT_OBJC_ISA_USAGE = YES_ERROR;
				CLANG_WARN_DOCUMENTATION_COMMENTS = YES;
				CLANG_WARN_EMPTY_BODY = YES;
				CLANG_WARN_ENUM_CONVERSION = YES;
				CLANG_WARN_INFINITE_RECURSION = YES;
				CLANG_WARN_INT_CONVERSION = YES;
				CLANG_WARN_NON_LITERAL_NULL_CONVERSION = YES;
				CLANG_WARN_OBJC_IMPLICIT_RETAIN_SELF = YES;
				CLANG_WARN_OBJC_LITERAL_CONVERSION = YES;
				CLANG_WARN_OBJC_ROOT_CLASS = YES_ERROR;
				CLANG_WARN_QUOTED_INCLUDE_IN_FRAMEWORK_HEADER = YES;
				CLANG_WARN_RANGE_LOOP_ANALYSIS = YES;
				CLANG_WARN_STRICT_PROTOTYPES = YES;
				CLANG_WARN_SUSPICIOUS_MOVE = YES;
				CLANG_WARN_UNGUARDED_AVAILABILITY = YES_AGGRESSIVE;
				CLANG_WARN_UNREACHABLE_CODE = YES;
				CLANG_WARN__DUPLICATE_METHOD_MATCH = YES;
				COPY_PHASE_STRIP = NO;
				DEBUG_INFORMATION_FORMAT = "dwarf-with-dsym";
				ENABLE_NS_ASSERTIONS = NO;
				ENABLE_STRICT_OBJC_MSGSEND = YES;
				ENABLE_USER_SCRIPT_SANDBOXING = YES;
				GCC_C_LANGUAGE_STANDARD = gnu17;
				GCC_NO_COMMON_BLOCKS = YES;
				GCC_WARN_64_TO_32_BIT_CONVERSION = YES;
				GCC_WARN_ABOUT_RETURN_TYPE = YES_ERROR;
				GCC_WARN_UNDECLARED_SELECTOR = YES;
				GCC_WARN_UNINITIALIZED_AUTOS = YES_AGGRESSIVE;
				GCC_WARN_UNUSED_FUNCTION = YES;
				GCC_WARN_UNUSED_VARIABLE = YES;
				LOCALIZATION_PREFERS_STRING_CATALOGS = YES;
				MACOSX_DEPLOYMENT_TARGET = 14.0;
				MTL_ENABLE_DEBUG_INFO = NO;
				MTL_FAST_MATH = YES;
				SDKROOT = macosx;
				SWIFT_COMPILATION_MODE = wholemodule;
			};
			name = Release;
		};
		BA956C2D2AF4EA1800EEE69F /* Debug */ = {
			isa = XCBuildConfiguration;
			buildSettings = {
				ASSETCATALOG_COMPILER_APPICON_NAME = AppIcon;
				ASSETCATALOG_COMPILER_GLOBAL_ACCENT_COLOR_NAME = AccentColor;
				CODE_SIGN_ENTITLEMENTS = HiAudio/HiAudio.entitlements;
				CODE_SIGN_STYLE = Manual;
				COMBINE_HIDPI_IMAGES = YES;
				CURRENT_PROJECT_VERSION = 1;
				DEVELOPMENT_ASSET_PATHS = "\"HiAudio/Preview Content\"";
				DEVELOPMENT_TEAM = "";
				ENABLE_HARDENED_RUNTIME = YES;
				ENABLE_PREVIEWS = YES;
				GENERATE_INFOPLIST_FILE = YES;
				INFOPLIST_KEY_NSHumanReadableCopyright = "";
				INFOPLIST_KEY_NSMicrophoneUsageDescription = "HiAudio want to record audio";
				LD_RUNPATH_SEARCH_PATHS = (
					"$(inherited)",
					"@executable_path/../Frameworks",
				);
				MARKETING_VERSION = 1.0;
				PRODUCT_BUNDLE_IDENTIFIER = Kenji.HiAudio;
				PRODUCT_NAME = "$(TARGET_NAME)";
				PROVISIONING_PROFILE_SPECIFIER = "";
				SWIFT_EMIT_LOC_STRINGS = YES;
				SWIFT_VERSION = 5.0;
			};
			name = Debug;
		};
		BA956C2E2AF4EA1800EEE69F /* Release */ = {
			isa = XCBuildConfiguration;
			buildSettings = {
				ASSETCATALOG_COMPILER_APPICON_NAME = AppIcon;
				ASSETCATALOG_COMPILER_GLOBAL_ACCENT_COLOR_NAME = AccentColor;
				CODE_SIGN_ENTITLEMENTS = HiAudio/HiAudio.entitlements;
				CODE_SIGN_STYLE = Manual;
				COMBINE_HIDPI_IMAGES = YES;
				CURRENT_PROJECT_VERSION = 1;
				DEVELOPMENT_ASSET_PATHS = "\"HiAudio/Preview Content\"";
				DEVELOPMENT_TEAM = "";
				ENABLE_HARDENED_RUNTIME = YES;
				ENABLE_PREVIEWS = YES;
				GENERATE_INFOPLIST_FILE = YES;
				INFOPLIST_KEY_NSHumanReadableCopyright = "";
				INFOPLIST_KEY_NSMicrophoneUsageDescription = "HiAudio want to record audio";
				LD_RUNPATH_SEARCH_PATHS = (
					"$(inherited)",
					"@executable_path/../Frameworks",
				);
				MARKETING_VERSION = 1.0;
				PRODUCT_BUNDLE_IDENTIFIER = Kenji.HiAudio;
				PRODUCT_NAME = "$(TARGET_NAME)";
				PROVISIONING_PROFILE_SPECIFIER = "";
				SWIFT_EMIT_LOC_STRINGS = YES;
				SWIFT_VERSION = 5.0;
			};
			name = Release;
		};
/* End XCBuildConfiguration section */

/* Begin XCConfigurationList section */
		BA956C182AF4EA1700EEE69F /* Build configuration list for PBXProject "HiAudio" */ = {
			isa = XCConfigurationList;
			buildConfigurations = (
				BA956C2A2AF4EA1800EEE69F /* Debug */,
				BA956C2B2AF4EA1800EEE69F /* Release */,
			);
			defaultConfigurationIsVisible = 0;
			defaultConfigurationName = Release;
		};
		BA956C2C2AF4EA1800EEE69F /* Build configuration list for PBXNativeTarget "HiAudio" */ = {
			isa = XCConfigurationList;
			buildConfigurations = (
				BA956C2D2AF4EA1800EEE69F /* Debug */,
				BA956C2E2AF4EA1800EEE69F /* Release */,
			);
			defaultConfigurationIsVisible = 0;
			defaultConfigurationName = Release;
		};
/* End XCConfigurationList section */
	};
	rootObject = BA956C152AF4EA1700EEE69F /* Project object */;
}
